// !$*UTF8*$!
{
	archiveVersion = 1;
	classes = {
	};
	objectVersion = 55;
	objects = {

/* Begin PBXBuildFile section */
		CEF2063828A2ABE200DCE224 /* EmberHabitsApp.swift in Sources */ = {isa = PBXBuildFile; fileRef = CEF2063728A2ABE200DCE224 /* EmberHabitsApp.swift */; };
		CEF2063A28A2ABE200DCE224 /* ContentView.swift in Sources */ = {isa = PBXBuildFile; fileRef = CEF2063928A2ABE200DCE224 /* ContentView.swift */; };
		CEF2063C28A2ABE500DCE224 /* Assets.xcassets in Resources */ = {isa = PBXBuildFile; fileRef = CEF2063B28A2ABE500DCE224 /* Assets.xcassets */; };
		CEF2063F28A2ABE500DCE224 /* Preview Assets.xcassets in Resources */ = {isa = PBXBuildFile; fileRef = CEF2063E28A2ABE500DCE224 /* Preview Assets.xcassets */; };
		CEF2064128A2ABE500DCE224 /* Persistence.swift in Sources */ = {isa = PBXBuildFile; fileRef = CEF2064028A2ABE500DCE224 /* Persistence.swift */; };
		CEF2064E28A2ABE500DCE224 /* EmberHabitsTests.swift in Sources */ = {isa = PBXBuildFile; fileRef = CEF2064D28A2ABE500DCE224 /* EmberHabitsTests.swift */; };
		CEF2065828A2ABE500DCE224 /* EmberHabitsUITests.swift in Sources */ = {isa = PBXBuildFile; fileRef = CEF2065728A2ABE500DCE224 /* EmberHabitsUITests.swift */; };
		CEF2065A28A2ABE500DCE224 /* EmberHabitsUITestsLaunchTests.swift in Sources */ = {isa = PBXBuildFile; fileRef = CEF2065928A2ABE500DCE224 /* EmberHabitsUITestsLaunchTests.swift */; };
		CEF2067128A2B39400DCE224 /* SplashView.swift in Sources */ = {isa = PBXBuildFile; fileRef = CEF2067028A2B39400DCE224 /* SplashView.swift */; };
		CEF2067328A2B40700DCE224 /* Home.swift in Sources */ = {isa = PBXBuildFile; fileRef = CEF2067228A2B40700DCE224 /* Home.swift */; };
		CEF2067628A2B4A700DCE224 /* EmberHabits.xcdatamodeld in Sources */ = {isa = PBXBuildFile; fileRef = CEF2067428A2B4A700DCE224 /* EmberHabits.xcdatamodeld */; };
		CEF2067A28A2B6FF00DCE224 /* CoreDataViewModel.swift in Sources */ = {isa = PBXBuildFile; fileRef = CEF2067928A2B6FF00DCE224 /* CoreDataViewModel.swift */; };
		CEF2067C28A2B7F700DCE224 /* AddNewHabit.swift in Sources */ = {isa = PBXBuildFile; fileRef = CEF2067B28A2B7F700DCE224 /* AddNewHabit.swift */; };
		CEF2067E28A2B87C00DCE224 /* Logger.swift in Sources */ = {isa = PBXBuildFile; fileRef = CEF2067D28A2B87C00DCE224 /* Logger.swift */; };
		CEF2068028A2C18800DCE224 /* HabitViewModel.swift in Sources */ = {isa = PBXBuildFile; fileRef = CEF2067F28A2C18800DCE224 /* HabitViewModel.swift */; };
/* End PBXBuildFile section */

/* Begin PBXContainerItemProxy section */
		CEF2064A28A2ABE500DCE224 /* PBXContainerItemProxy */ = {
			isa = PBXContainerItemProxy;
			containerPortal = CEF2062C28A2ABE200DCE224 /* Project object */;
			proxyType = 1;
			remoteGlobalIDString = CEF2063328A2ABE200DCE224;
			remoteInfo = EmberHabits;
		};
		CEF2065428A2ABE500DCE224 /* PBXContainerItemProxy */ = {
			isa = PBXContainerItemProxy;
			containerPortal = CEF2062C28A2ABE200DCE224 /* Project object */;
			proxyType = 1;
			remoteGlobalIDString = CEF2063328A2ABE200DCE224;
			remoteInfo = EmberHabits;
		};
/* End PBXContainerItemProxy section */

/* Begin PBXFileReference section */
		CEF2063428A2ABE200DCE224 /* EmberHabits.app */ = {isa = PBXFileReference; explicitFileType = wrapper.application; includeInIndex = 0; path = EmberHabits.app; sourceTree = BUILT_PRODUCTS_DIR; };
		CEF2063728A2ABE200DCE224 /* EmberHabitsApp.swift */ = {isa = PBXFileReference; lastKnownFileType = sourcecode.swift; path = EmberHabitsApp.swift; sourceTree = "<group>"; };
		CEF2063928A2ABE200DCE224 /* ContentView.swift */ = {isa = PBXFileReference; lastKnownFileType = sourcecode.swift; path = ContentView.swift; sourceTree = "<group>"; };
		CEF2063B28A2ABE500DCE224 /* Assets.xcassets */ = {isa = PBXFileReference; lastKnownFileType = folder.assetcatalog; path = Assets.xcassets; sourceTree = "<group>"; };
		CEF2063E28A2ABE500DCE224 /* Preview Assets.xcassets */ = {isa = PBXFileReference; lastKnownFileType = folder.assetcatalog; path = "Preview Assets.xcassets"; sourceTree = "<group>"; };
		CEF2064028A2ABE500DCE224 /* Persistence.swift */ = {isa = PBXFileReference; lastKnownFileType = sourcecode.swift; path = Persistence.swift; sourceTree = "<group>"; };
		CEF2064928A2ABE500DCE224 /* EmberHabitsTests.xctest */ = {isa = PBXFileReference; explicitFileType = wrapper.cfbundle; includeInIndex = 0; path = EmberHabitsTests.xctest; sourceTree = BUILT_PRODUCTS_DIR; };
		CEF2064D28A2ABE500DCE224 /* EmberHabitsTests.swift */ = {isa = PBXFileReference; lastKnownFileType = sourcecode.swift; path = EmberHabitsTests.swift; sourceTree = "<group>"; };
		CEF2065328A2ABE500DCE224 /* EmberHabitsUITests.xctest */ = {isa = PBXFileReference; explicitFileType = wrapper.cfbundle; includeInIndex = 0; path = EmberHabitsUITests.xctest; sourceTree = BUILT_PRODUCTS_DIR; };
		CEF2065728A2ABE500DCE224 /* EmberHabitsUITests.swift */ = {isa = PBXFileReference; lastKnownFileType = sourcecode.swift; path = EmberHabitsUITests.swift; sourceTree = "<group>"; };
		CEF2065928A2ABE500DCE224 /* EmberHabitsUITestsLaunchTests.swift */ = {isa = PBXFileReference; lastKnownFileType = sourcecode.swift; path = EmberHabitsUITestsLaunchTests.swift; sourceTree = "<group>"; };
		CEF2067028A2B39400DCE224 /* SplashView.swift */ = {isa = PBXFileReference; lastKnownFileType = sourcecode.swift; path = SplashView.swift; sourceTree = "<group>"; };
		CEF2067228A2B40700DCE224 /* Home.swift */ = {isa = PBXFileReference; lastKnownFileType = sourcecode.swift; path = Home.swift; sourceTree = "<group>"; };
		CEF2067528A2B4A700DCE224 /* EmberHabits.xcdatamodel */ = {isa = PBXFileReference; lastKnownFileType = wrapper.xcdatamodel; path = EmberHabits.xcdatamodel; sourceTree = "<group>"; };
		CEF2067928A2B6FF00DCE224 /* CoreDataViewModel.swift */ = {isa = PBXFileReference; lastKnownFileType = sourcecode.swift; path = CoreDataViewModel.swift; sourceTree = "<group>"; };
		CEF2067B28A2B7F700DCE224 /* AddNewHabit.swift */ = {isa = PBXFileReference; lastKnownFileType = sourcecode.swift; path = AddNewHabit.swift; sourceTree = "<group>"; };
		CEF2067D28A2B87C00DCE224 /* Logger.swift */ = {isa = PBXFileReference; lastKnownFileType = sourcecode.swift; path = Logger.swift; sourceTree = "<group>"; };
		CEF2067F28A2C18800DCE224 /* HabitViewModel.swift */ = {isa = PBXFileReference; lastKnownFileType = sourcecode.swift; path = HabitViewModel.swift; sourceTree = "<group>"; };
/* End PBXFileReference section */

/* Begin PBXFrameworksBuildPhase section */
		CEF2063128A2ABE200DCE224 /* Frameworks */ = {
			isa = PBXFrameworksBuildPhase;
			buildActionMask = 2147483647;
			files = (
			);
			runOnlyForDeploymentPostprocessing = 0;
		};
		CEF2064628A2ABE500DCE224 /* Frameworks */ = {
			isa = PBXFrameworksBuildPhase;
			buildActionMask = 2147483647;
			files = (
			);
			runOnlyForDeploymentPostprocessing = 0;
		};
		CEF2065028A2ABE500DCE224 /* Frameworks */ = {
			isa = PBXFrameworksBuildPhase;
			buildActionMask = 2147483647;
			files = (
			);
			runOnlyForDeploymentPostprocessing = 0;
		};
/* End PBXFrameworksBuildPhase section */

/* Begin PBXGroup section */
		CEF2062B28A2ABE200DCE224 = {
			isa = PBXGroup;
			children = (
				CEF2063628A2ABE200DCE224 /* EmberHabits */,
				CEF2064C28A2ABE500DCE224 /* EmberHabitsTests */,
				CEF2065628A2ABE500DCE224 /* EmberHabitsUITests */,
				CEF2063528A2ABE200DCE224 /* Products */,
			);
			sourceTree = "<group>";
		};
		CEF2063528A2ABE200DCE224 /* Products */ = {
			isa = PBXGroup;
			children = (
				CEF2063428A2ABE200DCE224 /* EmberHabits.app */,
				CEF2064928A2ABE500DCE224 /* EmberHabitsTests.xctest */,
				CEF2065328A2ABE500DCE224 /* EmberHabitsUITests.xctest */,
			);
			name = Products;
			sourceTree = "<group>";
		};
		CEF2063628A2ABE200DCE224 /* EmberHabits */ = {
			isa = PBXGroup;
			children = (
				CEF2066A28A2B2C000DCE224 /* Presentation */,
				CEF2066928A2B2BA00DCE224 /* Application */,
				CEF2066828A2B2B600DCE224 /* Data */,
				CEF2066628A2B2A300DCE224 /* Domain */,
				CEF2063B28A2ABE500DCE224 /* Assets.xcassets */,
				CEF2063D28A2ABE500DCE224 /* Preview Content */,
			);
			path = EmberHabits;
			sourceTree = "<group>";
		};
		CEF2063D28A2ABE500DCE224 /* Preview Content */ = {
			isa = PBXGroup;
			children = (
				CEF2063E28A2ABE500DCE224 /* Preview Assets.xcassets */,
			);
			path = "Preview Content";
			sourceTree = "<group>";
		};
		CEF2064C28A2ABE500DCE224 /* EmberHabitsTests */ = {
			isa = PBXGroup;
			children = (
				CEF2064D28A2ABE500DCE224 /* EmberHabitsTests.swift */,
			);
			path = EmberHabitsTests;
			sourceTree = "<group>";
		};
		CEF2065628A2ABE500DCE224 /* EmberHabitsUITests */ = {
			isa = PBXGroup;
			children = (
				CEF2065728A2ABE500DCE224 /* EmberHabitsUITests.swift */,
				CEF2065928A2ABE500DCE224 /* EmberHabitsUITestsLaunchTests.swift */,
			);
			path = EmberHabitsUITests;
			sourceTree = "<group>";
		};
		CEF2066628A2B2A300DCE224 /* Domain */ = {
			isa = PBXGroup;
			children = (
				CEF2066D28A2B33600DCE224 /* UseCases */,
				CEF2066C28A2B33000DCE224 /* ViewModels */,
				CEF2066B28A2B32800DCE224 /* Models */,
			);
			path = Domain;
			sourceTree = "<group>";
		};
		CEF2066828A2B2B600DCE224 /* Data */ = {
			isa = PBXGroup;
			children = (
				CEF2067828A2B6D700DCE224 /* Models */,
				CEF2067728A2B6D000DCE224 /* Repositories */,
				CEF2064028A2ABE500DCE224 /* Persistence.swift */,
				CEF2067428A2B4A700DCE224 /* EmberHabits.xcdatamodeld */,
			);
			path = Data;
			sourceTree = "<group>";
		};
		CEF2066928A2B2BA00DCE224 /* Application */ = {
			isa = PBXGroup;
			children = (
			);
			path = Application;
			sourceTree = "<group>";
		};
		CEF2066A28A2B2C000DCE224 /* Presentation */ = {
			isa = PBXGroup;
			children = (
				CEF2066F28A2B35300DCE224 /* Main */,
				CEF2066E28A2B34C00DCE224 /* Launch */,
			);
			path = Presentation;
			sourceTree = "<group>";
		};
		CEF2066B28A2B32800DCE224 /* Models */ = {
			isa = PBXGroup;
			children = (
			);
			path = Models;
			sourceTree = "<group>";
		};
		CEF2066C28A2B33000DCE224 /* ViewModels */ = {
			isa = PBXGroup;
			children = (
				CEF2067F28A2C18800DCE224 /* HabitViewModel.swift */,
			);
			path = ViewModels;
			sourceTree = "<group>";
		};
		CEF2066D28A2B33600DCE224 /* UseCases */ = {
			isa = PBXGroup;
			children = (
			);
			path = UseCases;
			sourceTree = "<group>";
		};
		CEF2066E28A2B34C00DCE224 /* Launch */ = {
			isa = PBXGroup;
			children = (
				CEF2063928A2ABE200DCE224 /* ContentView.swift */,
				CEF2067028A2B39400DCE224 /* SplashView.swift */,
			);
			path = Launch;
			sourceTree = "<group>";
		};
		CEF2066F28A2B35300DCE224 /* Main */ = {
			isa = PBXGroup;
			children = (
				CEF2063728A2ABE200DCE224 /* EmberHabitsApp.swift */,
				CEF2067228A2B40700DCE224 /* Home.swift */,
				CEF2067B28A2B7F700DCE224 /* AddNewHabit.swift */,
				CEF2067D28A2B87C00DCE224 /* Logger.swift */,
			);
			path = Main;
			sourceTree = "<group>";
		};
		CEF2067728A2B6D000DCE224 /* Repositories */ = {
			isa = PBXGroup;
			children = (
			);
			path = Repositories;
			sourceTree = "<group>";
		};
		CEF2067828A2B6D700DCE224 /* Models */ = {
			isa = PBXGroup;
			children = (
				CEF2067928A2B6FF00DCE224 /* CoreDataViewModel.swift */,
			);
			path = Models;
			sourceTree = "<group>";
		};
/* End PBXGroup section */

/* Begin PBXNativeTarget section */
		CEF2063328A2ABE200DCE224 /* EmberHabits */ = {
			isa = PBXNativeTarget;
			buildConfigurationList = CEF2065D28A2ABE500DCE224 /* Build configuration list for PBXNativeTarget "EmberHabits" */;
			buildPhases = (
				CEF2063028A2ABE200DCE224 /* Sources */,
				CEF2063128A2ABE200DCE224 /* Frameworks */,
				CEF2063228A2ABE200DCE224 /* Resources */,
			);
			buildRules = (
			);
			dependencies = (
			);
			name = EmberHabits;
			productName = EmberHabits;
			productReference = CEF2063428A2ABE200DCE224 /* EmberHabits.app */;
			productType = "com.apple.product-type.application";
		};
		CEF2064828A2ABE500DCE224 /* EmberHabitsTests */ = {
			isa = PBXNativeTarget;
			buildConfigurationList = CEF2066028A2ABE500DCE224 /* Build configuration list for PBXNativeTarget "EmberHabitsTests" */;
			buildPhases = (
				CEF2064528A2ABE500DCE224 /* Sources */,
				CEF2064628A2ABE500DCE224 /* Frameworks */,
				CEF2064728A2ABE500DCE224 /* Resources */,
			);
			buildRules = (
			);
			dependencies = (
				CEF2064B28A2ABE500DCE224 /* PBXTargetDependency */,
			);
			name = EmberHabitsTests;
			productName = EmberHabitsTests;
			productReference = CEF2064928A2ABE500DCE224 /* EmberHabitsTests.xctest */;
			productType = "com.apple.product-type.bundle.unit-test";
		};
		CEF2065228A2ABE500DCE224 /* EmberHabitsUITests */ = {
			isa = PBXNativeTarget;
			buildConfigurationList = CEF2066328A2ABE500DCE224 /* Build configuration list for PBXNativeTarget "EmberHabitsUITests" */;
			buildPhases = (
				CEF2064F28A2ABE500DCE224 /* Sources */,
				CEF2065028A2ABE500DCE224 /* Frameworks */,
				CEF2065128A2ABE500DCE224 /* Resources */,
			);
			buildRules = (
			);
			dependencies = (
				CEF2065528A2ABE500DCE224 /* PBXTargetDependency */,
			);
			name = EmberHabitsUITests;
			productName = EmberHabitsUITests;
			productReference = CEF2065328A2ABE500DCE224 /* EmberHabitsUITests.xctest */;
			productType = "com.apple.product-type.bundle.ui-testing";
		};
/* End PBXNativeTarget section */

/* Begin PBXProject section */
		CEF2062C28A2ABE200DCE224 /* Project object */ = {
			isa = PBXProject;
			attributes = {
				BuildIndependentTargetsInParallel = 1;
				LastSwiftUpdateCheck = 1320;
				LastUpgradeCheck = 1320;
				TargetAttributes = {
					CEF2063328A2ABE200DCE224 = {
						CreatedOnToolsVersion = 13.2.1;
					};
					CEF2064828A2ABE500DCE224 = {
						CreatedOnToolsVersion = 13.2.1;
						TestTargetID = CEF2063328A2ABE200DCE224;
					};
					CEF2065228A2ABE500DCE224 = {
						CreatedOnToolsVersion = 13.2.1;
						TestTargetID = CEF2063328A2ABE200DCE224;
					};
				};
			};
			buildConfigurationList = CEF2062F28A2ABE200DCE224 /* Build configuration list for PBXProject "EmberHabits" */;
			compatibilityVersion = "Xcode 13.0";
			developmentRegion = en;
			hasScannedForEncodings = 0;
			knownRegions = (
				en,
				Base,
			);
			mainGroup = CEF2062B28A2ABE200DCE224;
			productRefGroup = CEF2063528A2ABE200DCE224 /* Products */;
			projectDirPath = "";
			projectRoot = "";
			targets = (
				CEF2063328A2ABE200DCE224 /* EmberHabits */,
				CEF2064828A2ABE500DCE224 /* EmberHabitsTests */,
				CEF2065228A2ABE500DCE224 /* EmberHabitsUITests */,
			);
		};
/* End PBXProject section */

/* Begin PBXResourcesBuildPhase section */
		CEF2063228A2ABE200DCE224 /* Resources */ = {
			isa = PBXResourcesBuildPhase;
			buildActionMask = 2147483647;
			files = (
				CEF2063F28A2ABE500DCE224 /* Preview Assets.xcassets in Resources */,
				CEF2063C28A2ABE500DCE224 /* Assets.xcassets in Resources */,
			);
			runOnlyForDeploymentPostprocessing = 0;
		};
		CEF2064728A2ABE500DCE224 /* Resources */ = {
			isa = PBXResourcesBuildPhase;
			buildActionMask = 2147483647;
			files = (
			);
			runOnlyForDeploymentPostprocessing = 0;
		};
		CEF2065128A2ABE500DCE224 /* Resources */ = {
			isa = PBXResourcesBuildPhase;
			buildActionMask = 2147483647;
			files = (
			);
			runOnlyForDeploymentPostprocessing = 0;
		};
/* End PBXResourcesBuildPhase section */

/* Begin PBXSourcesBuildPhase section */
		CEF2063028A2ABE200DCE224 /* Sources */ = {
			isa = PBXSourcesBuildPhase;
			buildActionMask = 2147483647;
			files = (
				CEF2067628A2B4A700DCE224 /* EmberHabits.xcdatamodeld in Sources */,
				CEF2064128A2ABE500DCE224 /* Persistence.swift in Sources */,
				CEF2067A28A2B6FF00DCE224 /* CoreDataViewModel.swift in Sources */,
				CEF2063A28A2ABE200DCE224 /* ContentView.swift in Sources */,
				CEF2067E28A2B87C00DCE224 /* Logger.swift in Sources */,
				CEF2067128A2B39400DCE224 /* SplashView.swift in Sources */,
				CEF2067328A2B40700DCE224 /* Home.swift in Sources */,
				CEF2068028A2C18800DCE224 /* HabitViewModel.swift in Sources */,
				CEF2063828A2ABE200DCE224 /* EmberHabitsApp.swift in Sources */,
				CEF2067C28A2B7F700DCE224 /* AddNewHabit.swift in Sources */,
			);
			runOnlyForDeploymentPostprocessing = 0;
		};
		CEF2064528A2ABE500DCE224 /* Sources */ = {
			isa = PBXSourcesBuildPhase;
			buildActionMask = 2147483647;
			files = (
				CEF2064E28A2ABE500DCE224 /* EmberHabitsTests.swift in Sources */,
			);
			runOnlyForDeploymentPostprocessing = 0;
		};
		CEF2064F28A2ABE500DCE224 /* Sources */ = {
			isa = PBXSourcesBuildPhase;
			buildActionMask = 2147483647;
			files = (
				CEF2065828A2ABE500DCE224 /* EmberHabitsUITests.swift in Sources */,
				CEF2065A28A2ABE500DCE224 /* EmberHabitsUITestsLaunchTests.swift in Sources */,
			);
			runOnlyForDeploymentPostprocessing = 0;
		};
/* End PBXSourcesBuildPhase section */

/* Begin PBXTargetDependency section */
		CEF2064B28A2ABE500DCE224 /* PBXTargetDependency */ = {
			isa = PBXTargetDependency;
			target = CEF2063328A2ABE200DCE224 /* EmberHabits */;
			targetProxy = CEF2064A28A2ABE500DCE224 /* PBXContainerItemProxy */;
		};
		CEF2065528A2ABE500DCE224 /* PBXTargetDependency */ = {
			isa = PBXTargetDependency;
			target = CEF2063328A2ABE200DCE224 /* EmberHabits */;
			targetProxy = CEF2065428A2ABE500DCE224 /* PBXContainerItemProxy */;
		};
/* End PBXTargetDependency section */

/* Begin XCBuildConfiguration section */
		CEF2065B28A2ABE500DCE224 /* Debug */ = {
			isa = XCBuildConfiguration;
			buildSettings = {
				ALWAYS_SEARCH_USER_PATHS = NO;
				CLANG_ANALYZER_NONNULL = YES;
				CLANG_ANALYZER_NUMBER_OBJECT_CONVERSION = YES_AGGRESSIVE;
				CLANG_CXX_LANGUAGE_STANDARD = "gnu++17";
				CLANG_CXX_LIBRARY = "libc++";
				CLANG_ENABLE_MODULES = YES;
				CLANG_ENABLE_OBJC_ARC = YES;
				CLANG_ENABLE_OBJC_WEAK = YES;
				CLANG_WARN_BLOCK_CAPTURE_AUTORELEASING = YES;
				CLANG_WARN_BOOL_CONVERSION = YES;
				CLANG_WARN_COMMA = YES;
				CLANG_WARN_CONSTANT_CONVERSION = YES;
				CLANG_WARN_DEPRECATED_OBJC_IMPLEMENTATIONS = YES;
				CLANG_WARN_DIRECT_OBJC_ISA_USAGE = YES_ERROR;
				CLANG_WARN_DOCUMENTATION_COMMENTS = YES;
				CLANG_WARN_EMPTY_BODY = YES;
				CLANG_WARN_ENUM_CONVERSION = YES;
				CLANG_WARN_INFINITE_RECURSION = YES;
				CLANG_WARN_INT_CONVERSION = YES;
				CLANG_WARN_NON_LITERAL_NULL_CONVERSION = YES;
				CLANG_WARN_OBJC_IMPLICIT_RETAIN_SELF = YES;
				CLANG_WARN_OBJC_LITERAL_CONVERSION = YES;
				CLANG_WARN_OBJC_ROOT_CLASS = YES_ERROR;
				CLANG_WARN_QUOTED_INCLUDE_IN_FRAMEWORK_HEADER = YES;
				CLANG_WARN_RANGE_LOOP_ANALYSIS = YES;
				CLANG_WARN_STRICT_PROTOTYPES = YES;
				CLANG_WARN_SUSPICIOUS_MOVE = YES;
				CLANG_WARN_UNGUARDED_AVAILABILITY = YES_AGGRESSIVE;
				CLANG_WARN_UNREACHABLE_CODE = YES;
				CLANG_WARN__DUPLICATE_METHOD_MATCH = YES;
				COPY_PHASE_STRIP = NO;
				DEBUG_INFORMATION_FORMAT = dwarf;
				ENABLE_STRICT_OBJC_MSGSEND = YES;
				ENABLE_TESTABILITY = YES;
				GCC_C_LANGUAGE_STANDARD = gnu11;
				GCC_DYNAMIC_NO_PIC = NO;
				GCC_NO_COMMON_BLOCKS = YES;
				GCC_OPTIMIZATION_LEVEL = 0;
				GCC_PREPROCESSOR_DEFINITIONS = (
					"DEBUG=1",
					"$(inherited)",
				);
				GCC_WARN_64_TO_32_BIT_CONVERSION = YES;
				GCC_WARN_ABOUT_RETURN_TYPE = YES_ERROR;
				GCC_WARN_UNDECLARED_SELECTOR = YES;
				GCC_WARN_UNINITIALIZED_AUTOS = YES_AGGRESSIVE;
				GCC_WARN_UNUSED_FUNCTION = YES;
				GCC_WARN_UNUSED_VARIABLE = YES;
				IPHONEOS_DEPLOYMENT_TARGET = 15.2;
				MTL_ENABLE_DEBUG_INFO = INCLUDE_SOURCE;
				MTL_FAST_MATH = YES;
				ONLY_ACTIVE_ARCH = YES;
				SDKROOT = iphoneos;
				SWIFT_ACTIVE_COMPILATION_CONDITIONS = DEBUG;
				SWIFT_OPTIMIZATION_LEVEL = "-Onone";
			};
			name = Debug;
		};
		CEF2065C28A2ABE500DCE224 /* Release */ = {
			isa = XCBuildConfiguration;
			buildSettings = {
				ALWAYS_SEARCH_USER_PATHS = NO;
				CLANG_ANALYZER_NONNULL = YES;
				CLANG_ANALYZER_NUMBER_OBJECT_CONVERSION = YES_AGGRESSIVE;
				CLANG_CXX_LANGUAGE_STANDARD = "gnu++17";
				CLANG_CXX_LIBRARY = "libc++";
				CLANG_ENABLE_MODULES = YES;
				CLANG_ENABLE_OBJC_ARC = YES;
				CLANG_ENABLE_OBJC_WEAK = YES;
				CLANG_WARN_BLOCK_CAPTURE_AUTORELEASING = YES;
				CLANG_WARN_BOOL_CONVERSION = YES;
				CLANG_WARN_COMMA = YES;
				CLANG_WARN_CONSTANT_CONVERSION = YES;
				CLANG_WARN_DEPRECATED_OBJC_IMPLEMENTATIONS = YES;
				CLANG_WARN_DIRECT_OBJC_ISA_USAGE = YES_ERROR;
				CLANG_WARN_DOCUMENTATION_COMMENTS = YES;
				CLANG_WARN_EMPTY_BODY = YES;
				CLANG_WARN_ENUM_CONVERSION = YES;
				CLANG_WARN_INFINITE_RECURSION = YES;
				CLANG_WARN_INT_CONVERSION = YES;
				CLANG_WARN_NON_LITERAL_NULL_CONVERSION = YES;
				CLANG_WARN_OBJC_IMPLICIT_RETAIN_SELF = YES;
				CLANG_WARN_OBJC_LITERAL_CONVERSION = YES;
				CLANG_WARN_OBJC_ROOT_CLASS = YES_ERROR;
				CLANG_WARN_QUOTED_INCLUDE_IN_FRAMEWORK_HEADER = YES;
				CLANG_WARN_RANGE_LOOP_ANALYSIS = YES;
				CLANG_WARN_STRICT_PROTOTYPES = YES;
				CLANG_WARN_SUSPICIOUS_MOVE = YES;
				CLANG_WARN_UNGUARDED_AVAILABILITY = YES_AGGRESSIVE;
				CLANG_WARN_UNREACHABLE_CODE = YES;
				CLANG_WARN__DUPLICATE_METHOD_MATCH = YES;
				COPY_PHASE_STRIP = NO;
				DEBUG_INFORMATION_FORMAT = "dwarf-with-dsym";
				ENABLE_NS_ASSERTIONS = NO;
				ENABLE_STRICT_OBJC_MSGSEND = YES;
				GCC_C_LANGUAGE_STANDARD = gnu11;
				GCC_NO_COMMON_BLOCKS = YES;
				GCC_WARN_64_TO_32_BIT_CONVERSION = YES;
				GCC_WARN_ABOUT_RETURN_TYPE = YES_ERROR;
				GCC_WARN_UNDECLARED_SELECTOR = YES;
				GCC_WARN_UNINITIALIZED_AUTOS = YES_AGGRESSIVE;
				GCC_WARN_UNUSED_FUNCTION = YES;
				GCC_WARN_UNUSED_VARIABLE = YES;
				IPHONEOS_DEPLOYMENT_TARGET = 15.2;
				MTL_ENABLE_DEBUG_INFO = NO;
				MTL_FAST_MATH = YES;
				SDKROOT = iphoneos;
				SWIFT_COMPILATION_MODE = wholemodule;
				SWIFT_OPTIMIZATION_LEVEL = "-O";
				VALIDATE_PRODUCT = YES;
			};
			name = Release;
		};
		CEF2065E28A2ABE500DCE224 /* Debug */ = {
			isa = XCBuildConfiguration;
			buildSettings = {
				ASSETCATALOG_COMPILER_APPICON_NAME = AppIcon;
				ASSETCATALOG_COMPILER_GLOBAL_ACCENT_COLOR_NAME = AccentColor;
				CODE_SIGN_STYLE = Automatic;
				CURRENT_PROJECT_VERSION = 1;
				DEVELOPMENT_ASSET_PATHS = "\"EmberHabits/Preview Content\"";
				DEVELOPMENT_TEAM = BKQG6K97PW;
				ENABLE_PREVIEWS = YES;
				GENERATE_INFOPLIST_FILE = YES;
				INFOPLIST_KEY_UIApplicationSceneManifest_Generation = YES;
				INFOPLIST_KEY_UIApplicationSupportsIndirectInputEvents = YES;
				INFOPLIST_KEY_UILaunchScreen_Generation = YES;
				INFOPLIST_KEY_UISupportedInterfaceOrientations_iPad = "UIInterfaceOrientationPortrait UIInterfaceOrientationPortraitUpsideDown UIInterfaceOrientationLandscapeLeft UIInterfaceOrientationLandscapeRight";
				INFOPLIST_KEY_UISupportedInterfaceOrientations_iPhone = "UIInterfaceOrientationPortrait UIInterfaceOrientationLandscapeLeft UIInterfaceOrientationLandscapeRight";
				LD_RUNPATH_SEARCH_PATHS = (
					"$(inherited)",
					"@executable_path/Frameworks",
				);
				MARKETING_VERSION = 1.0;
				PRODUCT_BUNDLE_IDENTIFIER = com.abbyp.EmberHabits;
				PRODUCT_NAME = "$(TARGET_NAME)";
				SWIFT_EMIT_LOC_STRINGS = YES;
				SWIFT_VERSION = 5.0;
				TARGETED_DEVICE_FAMILY = "1,2";
			};
			name = Debug;
		};
		CEF2065F28A2ABE500DCE224 /* Release */ = {
			isa = XCBuildConfiguration;
			buildSettings = {
				ASSETCATALOG_COMPILER_APPICON_NAME = AppIcon;
				ASSETCATALOG_COMPILER_GLOBAL_ACCENT_COLOR_NAME = AccentColor;
				CODE_SIGN_STYLE = Automatic;
				CURRENT_PROJECT_VERSION = 1;
				DEVELOPMENT_ASSET_PATHS = "\"EmberHabits/Preview Content\"";
				DEVELOPMENT_TEAM = BKQG6K97PW;
				ENABLE_PREVIEWS = YES;
				GENERATE_INFOPLIST_FILE = YES;
				INFOPLIST_KEY_UIApplicationSceneManifest_Generation = YES;
				INFOPLIST_KEY_UIApplicationSupportsIndirectInputEvents = YES;
				INFOPLIST_KEY_UILaunchScreen_Generation = YES;
				INFOPLIST_KEY_UISupportedInterfaceOrientations_iPad = "UIInterfaceOrientationPortrait UIInterfaceOrientationPortraitUpsideDown UIInterfaceOrientationLandscapeLeft UIInterfaceOrientationLandscapeRight";
				INFOPLIST_KEY_UISupportedInterfaceOrientations_iPhone = "UIInterfaceOrientationPortrait UIInterfaceOrientationLandscapeLeft UIInterfaceOrientationLandscapeRight";
				LD_RUNPATH_SEARCH_PATHS = (
					"$(inherited)",
					"@executable_path/Frameworks",
				);
				MARKETING_VERSION = 1.0;
				PRODUCT_BUNDLE_IDENTIFIER = com.abbyp.EmberHabits;
				PRODUCT_NAME = "$(TARGET_NAME)";
				SWIFT_EMIT_LOC_STRINGS = YES;
				SWIFT_VERSION = 5.0;
				TARGETED_DEVICE_FAMILY = "1,2";
			};
			name = Release;
		};
		CEF2066128A2ABE500DCE224 /* Debug */ = {
			isa = XCBuildConfiguration;
			buildSettings = {
				ALWAYS_EMBED_SWIFT_STANDARD_LIBRARIES = YES;
				BUNDLE_LOADER = "$(TEST_HOST)";
				CODE_SIGN_STYLE = Automatic;
				CURRENT_PROJECT_VERSION = 1;
				DEVELOPMENT_TEAM = BKQG6K97PW;
				GENERATE_INFOPLIST_FILE = YES;
				IPHONEOS_DEPLOYMENT_TARGET = 15.2;
				MARKETING_VERSION = 1.0;
				PRODUCT_BUNDLE_IDENTIFIER = com.abbyp.EmberHabitsTests;
				PRODUCT_NAME = "$(TARGET_NAME)";
				SWIFT_EMIT_LOC_STRINGS = NO;
				SWIFT_VERSION = 5.0;
				TARGETED_DEVICE_FAMILY = "1,2";
				TEST_HOST = "$(BUILT_PRODUCTS_DIR)/EmberHabits.app/EmberHabits";
			};
			name = Debug;
		};
		CEF2066228A2ABE500DCE224 /* Release */ = {
			isa = XCBuildConfiguration;
			buildSettings = {
				ALWAYS_EMBED_SWIFT_STANDARD_LIBRARIES = YES;
				BUNDLE_LOADER = "$(TEST_HOST)";
				CODE_SIGN_STYLE = Automatic;
				CURRENT_PROJECT_VERSION = 1;
				DEVELOPMENT_TEAM = BKQG6K97PW;
				GENERATE_INFOPLIST_FILE = YES;
				IPHONEOS_DEPLOYMENT_TARGET = 15.2;
				MARKETING_VERSION = 1.0;
				PRODUCT_BUNDLE_IDENTIFIER = com.abbyp.EmberHabitsTests;
				PRODUCT_NAME = "$(TARGET_NAME)";
				SWIFT_EMIT_LOC_STRINGS = NO;
				SWIFT_VERSION = 5.0;
				TARGETED_DEVICE_FAMILY = "1,2";
				TEST_HOST = "$(BUILT_PRODUCTS_DIR)/EmberHabits.app/EmberHabits";
			};
			name = Release;
		};
		CEF2066428A2ABE500DCE224 /* Debug */ = {
			isa = XCBuildConfiguration;
			buildSettings = {
				ALWAYS_EMBED_SWIFT_STANDARD_LIBRARIES = YES;
				CODE_SIGN_STYLE = Automatic;
				CURRENT_PROJECT_VERSION = 1;
				DEVELOPMENT_TEAM = BKQG6K97PW;
				GENERATE_INFOPLIST_FILE = YES;
				MARKETING_VERSION = 1.0;
				PRODUCT_BUNDLE_IDENTIFIER = com.abbyp.EmberHabitsUITests;
				PRODUCT_NAME = "$(TARGET_NAME)";
				SWIFT_EMIT_LOC_STRINGS = NO;
				SWIFT_VERSION = 5.0;
				TARGETED_DEVICE_FAMILY = "1,2";
				TEST_TARGET_NAME = EmberHabits;
			};
			name = Debug;
		};
		CEF2066528A2ABE500DCE224 /* Release */ = {
			isa = XCBuildConfiguration;
			buildSettings = {
				ALWAYS_EMBED_SWIFT_STANDARD_LIBRARIES = YES;
				CODE_SIGN_STYLE = Automatic;
				CURRENT_PROJECT_VERSION = 1;
				DEVELOPMENT_TEAM = BKQG6K97PW;
				GENERATE_INFOPLIST_FILE = YES;
				MARKETING_VERSION = 1.0;
				PRODUCT_BUNDLE_IDENTIFIER = com.abbyp.EmberHabitsUITests;
				PRODUCT_NAME = "$(TARGET_NAME)";
				SWIFT_EMIT_LOC_STRINGS = NO;
				SWIFT_VERSION = 5.0;
				TARGETED_DEVICE_FAMILY = "1,2";
				TEST_TARGET_NAME = EmberHabits;
			};
			name = Release;
		};
/* End XCBuildConfiguration section */

/* Begin XCConfigurationList section */
		CEF2062F28A2ABE200DCE224 /* Build configuration list for PBXProject "EmberHabits" */ = {
			isa = XCConfigurationList;
			buildConfigurations = (
				CEF2065B28A2ABE500DCE224 /* Debug */,
				CEF2065C28A2ABE500DCE224 /* Release */,
			);
			defaultConfigurationIsVisible = 0;
			defaultConfigurationName = Release;
		};
		CEF2065D28A2ABE500DCE224 /* Build configuration list for PBXNativeTarget "EmberHabits" */ = {
			isa = XCConfigurationList;
			buildConfigurations = (
				CEF2065E28A2ABE500DCE224 /* Debug */,
				CEF2065F28A2ABE500DCE224 /* Release */,
			);
			defaultConfigurationIsVisible = 0;
			defaultConfigurationName = Release;
		};
		CEF2066028A2ABE500DCE224 /* Build configuration list for PBXNativeTarget "EmberHabitsTests" */ = {
			isa = XCConfigurationList;
			buildConfigurations = (
				CEF2066128A2ABE500DCE224 /* Debug */,
				CEF2066228A2ABE500DCE224 /* Release */,
			);
			defaultConfigurationIsVisible = 0;
			defaultConfigurationName = Release;
		};
		CEF2066328A2ABE500DCE224 /* Build configuration list for PBXNativeTarget "EmberHabitsUITests" */ = {
			isa = XCConfigurationList;
			buildConfigurations = (
				CEF2066428A2ABE500DCE224 /* Debug */,
				CEF2066528A2ABE500DCE224 /* Release */,
			);
			defaultConfigurationIsVisible = 0;
			defaultConfigurationName = Release;
		};
/* End XCConfigurationList section */

/* Begin XCVersionGroup section */
		CEF2067428A2B4A700DCE224 /* EmberHabits.xcdatamodeld */ = {
			isa = XCVersionGroup;
			children = (
				CEF2067528A2B4A700DCE224 /* EmberHabits.xcdatamodel */,
			);
			currentVersion = CEF2067528A2B4A700DCE224 /* EmberHabits.xcdatamodel */;
			path = EmberHabits.xcdatamodeld;
			sourceTree = "<group>";
			versionGroupType = wrapper.xcdatamodel;
		};
/* End XCVersionGroup section */
	};
	rootObject = CEF2062C28A2ABE200DCE224 /* Project object */;
}
